// !$*UTF8*$!
{
	archiveVersion = 1;
	classes = {
	};
	objectVersion = 46;
	objects = {

/* Begin PBXBuildFile section */
		6C684C801AD35F68000D54EA /* AppDelegate.swift in Sources */ = {isa = PBXBuildFile; fileRef = 6C684C7F1AD35F68000D54EA /* AppDelegate.swift */; };
		6C684C831AD35F68000D54EA /* testApplication1.xcdatamodeld in Sources */ = {isa = PBXBuildFile; fileRef = 6C684C811AD35F68000D54EA /* testApplication1.xcdatamodeld */; };
		6C684C851AD35F68000D54EA /* ViewController.swift in Sources */ = {isa = PBXBuildFile; fileRef = 6C684C841AD35F68000D54EA /* ViewController.swift */; };
		6C684C881AD35F68000D54EA /* Main.storyboard in Resources */ = {isa = PBXBuildFile; fileRef = 6C684C861AD35F68000D54EA /* Main.storyboard */; };
		6C684C8A1AD35F68000D54EA /* Images.xcassets in Resources */ = {isa = PBXBuildFile; fileRef = 6C684C891AD35F68000D54EA /* Images.xcassets */; };
		6C684C8D1AD35F68000D54EA /* LaunchScreen.xib in Resources */ = {isa = PBXBuildFile; fileRef = 6C684C8B1AD35F68000D54EA /* LaunchScreen.xib */; };
		6C684C991AD35F69000D54EA /* testApplication1Tests.swift in Sources */ = {isa = PBXBuildFile; fileRef = 6C684C981AD35F69000D54EA /* testApplication1Tests.swift */; };
		6C684CA31AD36350000D54EA /* Daniel_A_Noventa_CF_Resume.pdf in Resources */ = {isa = PBXBuildFile; fileRef = 6C684CA21AD36350000D54EA /* Daniel_A_Noventa_CF_Resume.pdf */; };
		6C684CA41AD36350000D54EA /* Daniel_A_Noventa_CF_Resume.pdf in Resources */ = {isa = PBXBuildFile; fileRef = 6C684CA21AD36350000D54EA /* Daniel_A_Noventa_CF_Resume.pdf */; };
/* End PBXBuildFile section */

/* Begin PBXContainerItemProxy section */
		6C684C931AD35F69000D54EA /* PBXContainerItemProxy */ = {
			isa = PBXContainerItemProxy;
			containerPortal = 6C684C721AD35F68000D54EA /* Project object */;
			proxyType = 1;
			remoteGlobalIDString = 6C684C791AD35F68000D54EA;
			remoteInfo = testApplication1;
		};
/* End PBXContainerItemProxy section */

/* Begin PBXFileReference section */
		6C684C7A1AD35F68000D54EA /* testApplication1.app */ = {isa = PBXFileReference; explicitFileType = wrapper.application; includeInIndex = 0; path = testApplication1.app; sourceTree = BUILT_PRODUCTS_DIR; };
		6C684C7E1AD35F68000D54EA /* Info.plist */ = {isa = PBXFileReference; lastKnownFileType = text.plist.xml; path = Info.plist; sourceTree = "<group>"; };
		6C684C7F1AD35F68000D54EA /* AppDelegate.swift */ = {isa = PBXFileReference; lastKnownFileType = sourcecode.swift; path = AppDelegate.swift; sourceTree = "<group>"; };
		6C684C821AD35F68000D54EA /* testApplication1.xcdatamodel */ = {isa = PBXFileReference; lastKnownFileType = wrapper.xcdatamodel; path = testApplication1.xcdatamodel; sourceTree = "<group>"; };
		6C684C841AD35F68000D54EA /* ViewController.swift */ = {isa = PBXFileReference; lastKnownFileType = sourcecode.swift; path = ViewController.swift; sourceTree = "<group>"; };
		6C684C871AD35F68000D54EA /* Base */ = {isa = PBXFileReference; lastKnownFileType = file.storyboard; name = Base; path = Base.lproj/Main.storyboard; sourceTree = "<group>"; };
		6C684C891AD35F68000D54EA /* Images.xcassets */ = {isa = PBXFileReference; lastKnownFileType = folder.assetcatalog; path = Images.xcassets; sourceTree = "<group>"; };
		6C684C8C1AD35F68000D54EA /* Base */ = {isa = PBXFileReference; lastKnownFileType = file.xib; name = Base; path = Base.lproj/LaunchScreen.xib; sourceTree = "<group>"; };
		6C684C921AD35F69000D54EA /* testApplication1Tests.xctest */ = {isa = PBXFileReference; explicitFileType = wrapper.cfbundle; includeInIndex = 0; path = testApplication1Tests.xctest; sourceTree = BUILT_PRODUCTS_DIR; };
		6C684C971AD35F69000D54EA /* Info.plist */ = {isa = PBXFileReference; lastKnownFileType = text.plist.xml; path = Info.plist; sourceTree = "<group>"; };
		6C684C981AD35F69000D54EA /* testApplication1Tests.swift */ = {isa = PBXFileReference; lastKnownFileType = sourcecode.swift; path = testApplication1Tests.swift; sourceTree = "<group>"; };
		6C684CA21AD36350000D54EA /* Daniel_A_Noventa_CF_Resume.pdf */ = {isa = PBXFileReference; lastKnownFileType = image.pdf; name = Daniel_A_Noventa_CF_Resume.pdf; path = ../../../../../../Volumes/PORT/Dropbox/Documents/Resumes/Daniel_A_Noventa_CF_Resume.pdf; sourceTree = "<group>"; };
/* End PBXFileReference section */

/* Begin PBXFrameworksBuildPhase section */
		6C684C771AD35F68000D54EA /* Frameworks */ = {
			isa = PBXFrameworksBuildPhase;
			buildActionMask = 2147483647;
			files = (
			);
			runOnlyForDeploymentPostprocessing = 0;
		};
		6C684C8F1AD35F69000D54EA /* Frameworks */ = {
			isa = PBXFrameworksBuildPhase;
			buildActionMask = 2147483647;
			files = (
			);
			runOnlyForDeploymentPostprocessing = 0;
		};
/* End PBXFrameworksBuildPhase section */

/* Begin PBXGroup section */
		6C684C711AD35F68000D54EA = {
			isa = PBXGroup;
			children = (
				6C684CA21AD36350000D54EA /* Daniel_A_Noventa_CF_Resume.pdf */,
				6C684C7C1AD35F68000D54EA /* testApplication1 */,
				6C684C951AD35F69000D54EA /* testApplication1Tests */,
				6C684C7B1AD35F68000D54EA /* Products */,
			);
			sourceTree = "<group>";
		};
		6C684C7B1AD35F68000D54EA /* Products */ = {
			isa = PBXGroup;
			children = (
				6C684C7A1AD35F68000D54EA /* testApplication1.app */,
				6C684C921AD35F69000D54EA /* testApplication1Tests.xctest */,
			);
			name = Products;
			sourceTree = "<group>";
		};
		6C684C7C1AD35F68000D54EA /* testApplication1 */ = {
			isa = PBXGroup;
			children = (
				6C684C7F1AD35F68000D54EA /* AppDelegate.swift */,
				6C684C841AD35F68000D54EA /* ViewController.swift */,
				6C684C861AD35F68000D54EA /* Main.storyboard */,
				6C684C891AD35F68000D54EA /* Images.xcassets */,
				6C684C8B1AD35F68000D54EA /* LaunchScreen.xib */,
				6C684C811AD35F68000D54EA /* testApplication1.xcdatamodeld */,
				6C684C7D1AD35F68000D54EA /* Supporting Files */,
			);
			path = testApplication1;
			sourceTree = "<group>";
		};
		6C684C7D1AD35F68000D54EA /* Supporting Files */ = {
			isa = PBXGroup;
			children = (
				6C684C7E1AD35F68000D54EA /* Info.plist */,
			);
			name = "Supporting Files";
			sourceTree = "<group>";
		};
		6C684C951AD35F69000D54EA /* testApplication1Tests */ = {
			isa = PBXGroup;
			children = (
				6C684C981AD35F69000D54EA /* testApplication1Tests.swift */,
				6C684C961AD35F69000D54EA /* Supporting Files */,
			);
			path = testApplication1Tests;
			sourceTree = "<group>";
		};
		6C684C961AD35F69000D54EA /* Supporting Files */ = {
			isa = PBXGroup;
			children = (
				6C684C971AD35F69000D54EA /* Info.plist */,
			);
			name = "Supporting Files";
			sourceTree = "<group>";
		};
/* End PBXGroup section */

/* Begin PBXNativeTarget section */
		6C684C791AD35F68000D54EA /* testApplication1 */ = {
			isa = PBXNativeTarget;
			buildConfigurationList = 6C684C9C1AD35F69000D54EA /* Build configuration list for PBXNativeTarget "testApplication1" */;
			buildPhases = (
				6C684C761AD35F68000D54EA /* Sources */,
				6C684C771AD35F68000D54EA /* Frameworks */,
				6C684C781AD35F68000D54EA /* Resources */,
			);
			buildRules = (
			);
			dependencies = (
			);
			name = testApplication1;
			productName = testApplication1;
			productReference = 6C684C7A1AD35F68000D54EA /* testApplication1.app */;
			productType = "com.apple.product-type.application";
		};
		6C684C911AD35F69000D54EA /* testApplication1Tests */ = {
			isa = PBXNativeTarget;
			buildConfigurationList = 6C684C9F1AD35F69000D54EA /* Build configuration list for PBXNativeTarget "testApplication1Tests" */;
			buildPhases = (
				6C684C8E1AD35F69000D54EA /* Sources */,
				6C684C8F1AD35F69000D54EA /* Frameworks */,
				6C684C901AD35F69000D54EA /* Resources */,
			);
			buildRules = (
			);
			dependencies = (
				6C684C941AD35F69000D54EA /* PBXTargetDependency */,
			);
			name = testApplication1Tests;
			productName = testApplication1Tests;
			productReference = 6C684C921AD35F69000D54EA /* testApplication1Tests.xctest */;
			productType = "com.apple.product-type.bundle.unit-test";
		};
/* End PBXNativeTarget section */

/* Begin PBXProject section */
		6C684C721AD35F68000D54EA /* Project object */ = {
			isa = PBXProject;
			attributes = {
				LastUpgradeCheck = 0620;
				ORGANIZATIONNAME = "Noventa Foundation";
				TargetAttributes = {
					6C684C791AD35F68000D54EA = {
						CreatedOnToolsVersion = 6.2;
						DevelopmentTeam = 28H62Z23Q6;
					};
					6C684C911AD35F69000D54EA = {
						CreatedOnToolsVersion = 6.2;
						TestTargetID = 6C684C791AD35F68000D54EA;
					};
				};
			};
			buildConfigurationList = 6C684C751AD35F68000D54EA /* Build configuration list for PBXProject "testApplication1" */;
			compatibilityVersion = "Xcode 3.2";
			developmentRegion = English;
			hasScannedForEncodings = 0;
			knownRegions = (
				en,
				Base,
			);
			mainGroup = 6C684C711AD35F68000D54EA;
			productRefGroup = 6C684C7B1AD35F68000D54EA /* Products */;
			projectDirPath = "";
			projectRoot = "";
			targets = (
				6C684C791AD35F68000D54EA /* testApplication1 */,
				6C684C911AD35F69000D54EA /* testApplication1Tests */,
			);
		};
/* End PBXProject section */

/* Begin PBXResourcesBuildPhase section */
		6C684C781AD35F68000D54EA /* Resources */ = {
			isa = PBXResourcesBuildPhase;
			buildActionMask = 2147483647;
			files = (
				6C684C881AD35F68000D54EA /* Main.storyboard in Resources */,
				6C684CA31AD36350000D54EA /* Daniel_A_Noventa_CF_Resume.pdf in Resources */,
				6C684C8D1AD35F68000D54EA /* LaunchScreen.xib in Resources */,
				6C684C8A1AD35F68000D54EA /* Images.xcassets in Resources */,
			);
			runOnlyForDeploymentPostprocessing = 0;
		};
		6C684C901AD35F69000D54EA /* Resources */ = {
			isa = PBXResourcesBuildPhase;
			buildActionMask = 2147483647;
			files = (
				6C684CA41AD36350000D54EA /* Daniel_A_Noventa_CF_Resume.pdf in Resources */,
			);
			runOnlyForDeploymentPostprocessing = 0;
		};
/* End PBXResourcesBuildPhase section */

/* Begin PBXSourcesBuildPhase section */
		6C684C761AD35F68000D54EA /* Sources */ = {
			isa = PBXSourcesBuildPhase;
			buildActionMask = 2147483647;
			files = (
				6C684C851AD35F68000D54EA /* ViewController.swift in Sources */,
				6C684C831AD35F68000D54EA /* testApplication1.xcdatamodeld in Sources */,
				6C684C801AD35F68000D54EA /* AppDelegate.swift in Sources */,
			);
			runOnlyForDeploymentPostprocessing = 0;
		};
		6C684C8E1AD35F69000D54EA /* Sources */ = {
			isa = PBXSourcesBuildPhase;
			buildActionMask = 2147483647;
			files = (
				6C684C991AD35F69000D54EA /* testApplication1Tests.swift in Sources */,
			);
			runOnlyForDeploymentPostprocessing = 0;
		};
/* End PBXSourcesBuildPhase section */

/* Begin PBXTargetDependency section */
		6C684C941AD35F69000D54EA /* PBXTargetDependency */ = {
			isa = PBXTargetDependency;
			target = 6C684C791AD35F68000D54EA /* testApplication1 */;
			targetProxy = 6C684C931AD35F69000D54EA /* PBXContainerItemProxy */;
		};
/* End PBXTargetDependency section */

/* Begin PBXVariantGroup section */
		6C684C861AD35F68000D54EA /* Main.storyboard */ = {
			isa = PBXVariantGroup;
			children = (
				6C684C871AD35F68000D54EA /* Base */,
			);
			name = Main.storyboard;
			sourceTree = "<group>";
		};
		6C684C8B1AD35F68000D54EA /* LaunchScreen.xib */ = {
			isa = PBXVariantGroup;
			children = (
				6C684C8C1AD35F68000D54EA /* Base */,
			);
			name = LaunchScreen.xib;
			sourceTree = "<group>";
		};
/* End PBXVariantGroup section */

/* Begin XCBuildConfiguration section */
		6C684C9A1AD35F69000D54EA /* Debug */ = {
			isa = XCBuildConfiguration;
			buildSettings = {
				ALWAYS_SEARCH_USER_PATHS = NO;
				CLANG_CXX_LANGUAGE_STANDARD = "gnu++0x";
				CLANG_CXX_LIBRARY = "libc++";
				CLANG_ENABLE_MODULES = YES;
				CLANG_ENABLE_OBJC_ARC = YES;
				CLANG_WARN_BOOL_CONVERSION = YES;
				CLANG_WARN_CONSTANT_CONVERSION = YES;
				CLANG_WARN_DIRECT_OBJC_ISA_USAGE = YES_ERROR;
				CLANG_WARN_EMPTY_BODY = YES;
				CLANG_WARN_ENUM_CONVERSION = YES;
				CLANG_WARN_INT_CONVERSION = YES;
				CLANG_WARN_OBJC_ROOT_CLASS = YES_ERROR;
				CLANG_WARN_UNREACHABLE_CODE = YES;
				CLANG_WARN__DUPLICATE_METHOD_MATCH = YES;
				"CODE_SIGN_IDENTITY[sdk=iphoneos*]" = "iPhone Developer";
				COPY_PHASE_STRIP = NO;
				ENABLE_STRICT_OBJC_MSGSEND = YES;
				GCC_C_LANGUAGE_STANDARD = gnu99;
				GCC_DYNAMIC_NO_PIC = NO;
				GCC_OPTIMIZATION_LEVEL = 0;
				GCC_PREPROCESSOR_DEFINITIONS = (
					"DEBUG=1",
					"$(inherited)",
				);
				GCC_SYMBOLS_PRIVATE_EXTERN = NO;
				GCC_WARN_64_TO_32_BIT_CONVERSION = YES;
				GCC_WARN_ABOUT_RETURN_TYPE = YES_ERROR;
				GCC_WARN_UNDECLARED_SELECTOR = YES;
				GCC_WARN_UNINITIALIZED_AUTOS = YES_AGGRESSIVE;
				GCC_WARN_UNUSED_FUNCTION = YES;
				GCC_WARN_UNUSED_VARIABLE = YES;
				IPHONEOS_DEPLOYMENT_TARGET = 8.2;
				MTL_ENABLE_DEBUG_INFO = YES;
				ONLY_ACTIVE_ARCH = YES;
				SDKROOT = iphoneos;
				SWIFT_OPTIMIZATION_LEVEL = "-Onone";
				TARGETED_DEVICE_FAMILY = "1,2";
			};
			name = Debug;
		};
		6C684C9B1AD35F69000D54EA /* Release */ = {
			isa = XCBuildConfiguration;
			buildSettings = {
				ALWAYS_SEARCH_USER_PATHS = NO;
				CLANG_CXX_LANGUAGE_STANDARD = "gnu++0x";
				CLANG_CXX_LIBRARY = "libc++";
				CLANG_ENABLE_MODULES = YES;
				CLANG_ENABLE_OBJC_ARC = YES;
				CLANG_WARN_BOOL_CONVERSION = YES;
				CLANG_WARN_CONSTANT_CONVERSION = YES;
				CLANG_WARN_DIRECT_OBJC_ISA_USAGE = YES_ERROR;
				CLANG_WARN_EMPTY_BODY = YES;
				CLANG_WARN_ENUM_CONVERSION = YES;
				CLANG_WARN_INT_CONVERSION = YES;
				CLANG_WARN_OBJC_ROOT_CLASS = YES_ERROR;
				CLANG_WARN_UNREACHABLE_CODE = YES;
				CLANG_WARN__DUPLICATE_METHOD_MATCH = YES;
				"CODE_SIGN_IDENTITY[sdk=iphoneos*]" = "iPhone Developer";
				COPY_PHASE_STRIP = NO;
				ENABLE_NS_ASSERTIONS = NO;
				ENABLE_STRICT_OBJC_MSGSEND = YES;
				GCC_C_LANGUAGE_STANDARD = gnu99;
				GCC_WARN_64_TO_32_BIT_CONVERSION = YES;
				GCC_WARN_ABOUT_RETURN_TYPE = YES_ERROR;
				GCC_WARN_UNDECLARED_SELECTOR = YES;
				GCC_WARN_UNINITIALIZED_AUTOS = YES_AGGRESSIVE;
				GCC_WARN_UNUSED_FUNCTION = YES;
				GCC_WARN_UNUSED_VARIABLE = YES;
				IPHONEOS_DEPLOYMENT_TARGET = 8.2;
				MTL_ENABLE_DEBUG_INFO = NO;
				SDKROOT = iphoneos;
				TARGETED_DEVICE_FAMILY = "1,2";
				VALIDATE_PRODUCT = YES;
			};
			name = Release;
		};
		6C684C9D1AD35F69000D54EA /* Debug */ = {
			isa = XCBuildConfiguration;
			buildSettings = {
				ASSETCATALOG_COMPILER_APPICON_NAME = AppIcon;
				CODE_SIGN_IDENTITY = "iPhone Developer";
				"CODE_SIGN_IDENTITY[sdk=iphoneos*]" = "iPhone Developer";
				INFOPLIST_FILE = testApplication1/Info.plist;
				LD_RUNPATH_SEARCH_PATHS = "$(inherited) @executable_path/Frameworks";
				PRODUCT_NAME = "$(TARGET_NAME)";
				PROVISIONING_PROFILE = "";
			};
			name = Debug;
		};
		6C684C9E1AD35F69000D54EA /* Release */ = {
			isa = XCBuildConfiguration;
			buildSettings = {
				ASSETCATALOG_COMPILER_APPICON_NAME = AppIcon;
				CODE_SIGN_IDENTITY = "iPhone Developer";
				"CODE_SIGN_IDENTITY[sdk=iphoneos*]" = "iPhone Developer";
				INFOPLIST_FILE = testApplication1/Info.plist;
				LD_RUNPATH_SEARCH_PATHS = "$(inherited) @executable_path/Frameworks";
				PRODUCT_NAME = "$(TARGET_NAME)";
				PROVISIONING_PROFILE = "";
			};
			name = Release;
		};
		6C684CA01AD35F69000D54EA /* Debug */ = {
			isa = XCBuildConfiguration;
			buildSettings = {
				BUNDLE_LOADER = "$(TEST_HOST)";
				FRAMEWORK_SEARCH_PATHS = (
					"$(SDKROOT)/Developer/Library/Frameworks",
					"$(inherited)",
				);
				GCC_PREPROCESSOR_DEFINITIONS = (
					"DEBUG=1",
					"$(inherited)",
				);
				INFOPLIST_FILE = testApplication1Tests/Info.plist;
				LD_RUNPATH_SEARCH_PATHS = "$(inherited) @executable_path/Frameworks @loader_path/Frameworks";
				PRODUCT_NAME = "$(TARGET_NAME)";
				TEST_HOST = "$(BUILT_PRODUCTS_DIR)/testApplication1.app/testApplication1";
			};
			name = Debug;
		};
		6C684CA11AD35F69000D54EA /* Release */ = {
			isa = XCBuildConfiguration;
			buildSettings = {
				BUNDLE_LOADER = "$(TEST_HOST)";
				FRAMEWORK_SEARCH_PATHS = (
					"$(SDKROOT)/Developer/Library/Frameworks",
					"$(inherited)",
				);
				INFOPLIST_FILE = testApplication1Tests/Info.plist;
				LD_RUNPATH_SEARCH_PATHS = "$(inherited) @executable_path/Frameworks @loader_path/Frameworks";
				PRODUCT_NAME = "$(TARGET_NAME)";
				TEST_HOST = "$(BUILT_PRODUCTS_DIR)/testApplication1.app/testApplication1";
			};
			name = Release;
		};
/* End XCBuildConfiguration section */

/* Begin XCConfigurationList section */
		6C684C751AD35F68000D54EA /* Build configuration list for PBXProject "testApplication1" */ = {
			isa = XCConfigurationList;
			buildConfigurations = (
				6C684C9A1AD35F69000D54EA /* Debug */,
				6C684C9B1AD35F69000D54EA /* Release */,
			);
			defaultConfigurationIsVisible = 0;
			defaultConfigurationName = Release;
		};
		6C684C9C1AD35F69000D54EA /* Build configuration list for PBXNativeTarget "testApplication1" */ = {
			isa = XCConfigurationList;
			buildConfigurations = (
				6C684C9D1AD35F69000D54EA /* Debug */,
				6C684C9E1AD35F69000D54EA /* Release */,
			);
			defaultConfigurationIsVisible = 0;
		};
		6C684C9F1AD35F69000D54EA /* Build configuration list for PBXNativeTarget "testApplication1Tests" */ = {
			isa = XCConfigurationList;
			buildConfigurations = (
				6C684CA01AD35F69000D54EA /* Debug */,
				6C684CA11AD35F69000D54EA /* Release */,
			);
			defaultConfigurationIsVisible = 0;
		};
/* End XCConfigurationList section */

/* Begin XCVersionGroup section */
		6C684C811AD35F68000D54EA /* testApplication1.xcdatamodeld */ = {
			isa = XCVersionGroup;
			children = (
				6C684C821AD35F68000D54EA /* testApplication1.xcdatamodel */,
			);
			currentVersion = 6C684C821AD35F68000D54EA /* testApplication1.xcdatamodel */;
			path = testApplication1.xcdatamodeld;
			sourceTree = "<group>";
			versionGroupType = wrapper.xcdatamodel;
		};
/* End XCVersionGroup section */
	};
	rootObject = 6C684C721AD35F68000D54EA /* Project object */;
}
